	<Project xmlns="http://schemas.microsoft.com/developer/msbuild/2003">
		<PropertyGroup>
			<ProjectGuid>{8b2167f6-cb6e-43de-810e-f9eb8f9772f3}</ProjectGuid>
			<MainSource>DxbxKrnl.dpr</MainSource>
			<Configuration Condition=" '$(Configuration)' == '' ">Debug</Configuration>
			<Platform Condition=" '$(Platform)' == '' ">AnyCPU</Platform>
			<DCC_DCCCompiler>DCC32</DCC_DCCCompiler>
			<DCC_DependencyCheckOutputName>..\..\Bin\DxbxKrnl.dll</DCC_DependencyCheckOutputName>
			<ProjectVersion>12.0</ProjectVersion>
			<Config Condition="'$(Config)'==''">Debug</Config>
		</PropertyGroup>
		<PropertyGroup Condition="'$(Config)'=='Base' or '$(Base)'!=''">
			<Base>true</Base>
		</PropertyGroup>
		<PropertyGroup Condition="'$(Config)'=='Release' or '$(Cfg_1)'!=''">
			<Cfg_1>true</Cfg_1>
			<CfgParent>Base</CfgParent>
			<Base>true</Base>
		</PropertyGroup>
		<PropertyGroup Condition="'$(Config)'=='Debug' or '$(Cfg_2)'!=''">
			<Cfg_2>true</Cfg_2>
			<CfgParent>Base</CfgParent>
			<Base>true</Base>
		</PropertyGroup>
		<PropertyGroup Condition="'$(Base)'!=''">
			<DCC_Define>DXBX_DLL;$(DCC_Define)</DCC_Define>
			<DCC_Alignment>4</DCC_Alignment>
			<DCC_DependencyCheckOutputName>DxbxKrnl.dll</DCC_DependencyCheckOutputName>
			<GenDll>true</GenDll>
		</PropertyGroup>
		<PropertyGroup Condition="'$(Cfg_1)'!=''">
			<DCC_DependencyCheckOutputName>..\..\bin\DxbxKrnl.dll</DCC_DependencyCheckOutputName>
			<Version>7.0</Version>
			<DCC_DebugInformation>False</DCC_DebugInformation>
			<DCC_LocalDebugSymbols>False</DCC_LocalDebugSymbols>
			<DCC_SymbolReferenceInfo>0</DCC_SymbolReferenceInfo>
			<DCC_Define>RELEASE;$(DCC_Define)</DCC_Define>
			<DCC_UnitSearchPath>..\..\src\Include;..\..\Libraries\DirectX9;..\..\Libraries\Jcl\include;..\..\Libraries\Jcl\common;..\..\Libraries\Jcl\windows;..\..\Libraries\jwapi\Win32API;$(DCC_UnitSearchPath)</DCC_UnitSearchPath>
			<DCC_ResourcePath>..\..\src\Include;..\..\Libraries\DirectX9;..\..\Libraries\Jcl\include;..\..\Libraries\Jcl\common;..\..\Libraries\Jcl\windows;..\..\Libraries\jwapi\Win32API;$(DCC_ResourcePath)</DCC_ResourcePath>
			<DCC_ObjPath>..\..\src\Include;..\..\Libraries\DirectX9;..\..\Libraries\Jcl\include;..\..\Libraries\Jcl\common;..\..\Libraries\Jcl\windows;..\..\Libraries\jwapi\Win32API;$(DCC_ObjPath)</DCC_ObjPath>
			<DCC_IncludePath>..\..\src\Include;..\..\Libraries\DirectX9;..\..\Libraries\Jcl\include;..\..\Libraries\Jcl\common;..\..\Libraries\Jcl\windows;..\..\Libraries\jwapi\Win32API;$(DCC_IncludePath)</DCC_IncludePath>
			<DCC_ExeOutput>..\..\bin</DCC_ExeOutput>
			<DCC_DcuOutput>..\..\dcu</DCC_DcuOutput>
			<DCC_ObjOutput>..\..\dcu</DCC_ObjOutput>
			<DCC_HppOutput>..\..\dcu</DCC_HppOutput>
		</PropertyGroup>
		<PropertyGroup Condition="'$(Cfg_2)'!=''">
			<DCC_MapFile>3</DCC_MapFile>
			<DCC_DependencyCheckOutputName>..\..\Bin\DxbxKrnl.dll</DCC_DependencyCheckOutputName>
			<Version>7.0</Version>
			<DCC_Define>DEBUG;_DEBUG_TRACE;$(DCC_Define)</DCC_Define>
			<DCC_UnitSearchPath>..\..\src\Include;..\..\Libraries\DirectX9;..\..\Libraries\Jcl\include;..\..\Libraries\Jcl\common;..\..\Libraries\Jcl\windows;..\..\Libraries\jwapi\Includes;..\..\Libraries\jwapi\Win32API;..\..\Libraries\FastMM;$(DCC_UnitSearchPath)</DCC_UnitSearchPath>
			<DCC_ResourcePath>..\..\src\Include;..\..\Libraries\DirectX9;..\..\Libraries\Jcl\include;..\..\Libraries\Jcl\common;..\..\Libraries\Jcl\windows;..\..\Libraries\jwapi\Includes;..\..\Libraries\jwapi\Win32API;$(DCC_ResourcePath)</DCC_ResourcePath>
			<DCC_ObjPath>..\..\src\Include;..\..\Libraries\DirectX9;..\..\Libraries\Jcl\include;..\..\Libraries\Jcl\common;..\..\Libraries\Jcl\windows;..\..\Libraries\jwapi\Includes;..\..\Libraries\jwapi\Win32API;$(DCC_ObjPath)</DCC_ObjPath>
			<DCC_IncludePath>..\..\src\Include;..\..\Libraries\DirectX9;..\..\Libraries\Jcl\include;..\..\Libraries\Jcl\common;..\..\Libraries\Jcl\windows;..\..\Libraries\jwapi\Includes;..\..\Libraries\jwapi\Win32API;$(DCC_IncludePath)</DCC_IncludePath>
			<DCC_DcuOutput>..\..\dcu\d11\</DCC_DcuOutput>
			<DCC_ObjOutput>..\..\dcu\d11\</DCC_ObjOutput>
			<DCC_HppOutput>..\..\dcu\d11\</DCC_HppOutput>
			<DCC_ExeOutput>..\..\Bin\</DCC_ExeOutput>
		</PropertyGroup>
		<ProjectExtensions>
			<Borland.Personality>Delphi.Personality.12</Borland.Personality>
			<Borland.ProjectType>VCLApplication</Borland.ProjectType>
			<BorlandProject>
				<Delphi.Personality>
					<Parameters>
						<Parameters Name="UseLauncher">False</Parameters>
						<Parameters Name="LoadAllSymbols">True</Parameters>
						<Parameters Name="LoadUnspecifiedSymbols">False</Parameters>
						<Parameters Name="HostApplication">..\..\bin\Dxbx.exe</Parameters>
					</Parameters>
					<VersionInfo>
						<VersionInfo Name="IncludeVerInfo">False</VersionInfo>
						<VersionInfo Name="AutoIncBuild">False</VersionInfo>
						<VersionInfo Name="MajorVer">1</VersionInfo>
						<VersionInfo Name="MinorVer">0</VersionInfo>
						<VersionInfo Name="Release">0</VersionInfo>
						<VersionInfo Name="Build">0</VersionInfo>
						<VersionInfo Name="Debug">False</VersionInfo>
						<VersionInfo Name="PreRelease">False</VersionInfo>
						<VersionInfo Name="Special">False</VersionInfo>
						<VersionInfo Name="Private">False</VersionInfo>
						<VersionInfo Name="DLL">False</VersionInfo>
						<VersionInfo Name="Locale">1043</VersionInfo>
						<VersionInfo Name="CodePage">1252</VersionInfo>
					</VersionInfo>
					<VersionInfoKeys>
						<VersionInfoKeys Name="CompanyName"/>
						<VersionInfoKeys Name="FileDescription"/>
						<VersionInfoKeys Name="FileVersion">1.0.0.0</VersionInfoKeys>
						<VersionInfoKeys Name="InternalName"/>
						<VersionInfoKeys Name="LegalCopyright"/>
						<VersionInfoKeys Name="LegalTrademarks"/>
						<VersionInfoKeys Name="OriginalFilename"/>
						<VersionInfoKeys Name="ProductName"/>
						<VersionInfoKeys Name="ProductVersion">1.0.0.0</VersionInfoKeys>
						<VersionInfoKeys Name="Comments"/>
					</VersionInfoKeys>
					<Source>
						<Source Name="MainSource">DxbxKrnl.dpr</Source>
					</Source>
					<Excluded_Packages>
						<Excluded_Packages Name="$(BDS)\bin\dcloffice2k100.bpl">Microsoft Office 2000 Sample Automation Server Wrapper Components</Excluded_Packages>
						<Excluded_Packages Name="$(BDS)\bin\dclofficexp100.bpl">Microsoft Office XP Sample Automation Server Wrapper Components</Excluded_Packages>
					</Excluded_Packages>
				</Delphi.Personality>
				<ModelSupport>False</ModelSupport>
			</BorlandProject>
			<ProjectFileVersion>12</ProjectFileVersion>
		</ProjectExtensions>
		<ItemGroup>
			<DelphiCompile Include="DxbxKrnl.dpr">
				<MainSource>MainSource</MainSource>
			</DelphiCompile>
			<RcCompile Include="..\..\resource\SvnRevision.rc">
				<ContainerId>RC</ContainerId>
				<ContainerId>RC</ContainerId>
				<Form>SvnRevision.res</Form>
			</RcCompile>
			<DCCReference Include="..\..\src2\uLog.pas"/>
			<DCCReference Include="..\..\src2\uMutex.pas"/>
			<DCCReference Include="..\..\src2\uStoredTrieTypes.pas"/>
			<DCCReference Include="..\..\src2\uTime.pas"/>
			<DCCReference Include="..\..\src2\uTypes.pas"/>
			<DCCReference Include="..\..\src2\uXBController.pas"/>
			<DCCReference Include="..\..\src2\uXbe.pas"/>
			<DCCReference Include="..\..\src2\uXboxLibraryUtils.pas"/>
			<DCCReference Include="..\..\src2\uXbVideo.pas"/>
			<DCCReference Include="..\..\src2\uConsoleClass.pas"/>
			<DCCReference Include="..\..\src2\uConsts.pas"/>
			<DCCReference Include="..\..\src2\uCRC16.pas"/>
			<DCCReference Include="..\..\src2\uEmuShared.pas"/>
			<DCCReference Include="..\..\src2\uError.pas"/>
			<DCCReference Include="..\..\src2\uKernelThunk.pas"/>
			<DCCReference Include="..\..\Libraries\OpenXDK\include\xboxkrnl\XboxKrnl.pas"/>
			<DCCReference Include="..\..\Libraries\Jcl\windows\JclDebug.pas"/>
			<DCCReference Include="..\..\src2\DxbxKrnl\uEmuAlloc.pas"/>
			<DCCReference Include="..\..\src2\DxbxKrnl\uEmuD3D8.pas"/>
			<DCCReference Include="..\..\src2\DxbxKrnl\uEmuD3D8Types.pas"/>
			<DCCReference Include="..\..\src2\DxbxKrnl\uEmuDInput.pas"/>
			<DCCReference Include="..\..\src2\DxbxKrnl\uEmuDSound.pas"/>
			<DCCReference Include="..\..\src2\DxbxKrnl\uEmuFile.pas"/>
			<DCCReference Include="..\..\src2\DxbxKrnl\uEmuFS.pas"/>
			<DCCReference Include="..\..\src2\DxbxKrnl\uEmuKrnl.pas"/>
			<DCCReference Include="..\..\src2\DxbxKrnl\uEmuKrnlAv.pas"/>
			<DCCReference Include="..\..\src2\DxbxKrnl\uEmuKrnlDbg.pas"/>
			<DCCReference Include="..\..\src2\DxbxKrnl\uEmuKrnlEx.pas"/>
			<DCCReference Include="..\..\src2\DxbxKrnl\uEmuKrnlFs.pas"/>
			<DCCReference Include="..\..\src2\DxbxKrnl\uEmuKrnlHal.pas"/>
			<DCCReference Include="..\..\src2\DxbxKrnl\uEmuKrnlIo.pas"/>
			<DCCReference Include="..\..\src2\DxbxKrnl\uEmuKrnlKd.pas"/>
			<DCCReference Include="..\..\src2\DxbxKrnl\uEmuKrnlKe.pas"/>
			<DCCReference Include="..\..\src2\DxbxKrnl\uEmuKrnlMm.pas"/>
			<DCCReference Include="..\..\src2\DxbxKrnl\uEmuKrnlNt.pas"/>
			<DCCReference Include="..\..\src2\DxbxKrnl\uEmuKrnlOb.pas"/>
			<DCCReference Include="..\..\src2\DxbxKrnl\uEmuKrnlPs.pas"/>
			<DCCReference Include="..\..\src2\DxbxKrnl\uEmuKrnlRtl.pas"/>
			<DCCReference Include="..\..\src2\DxbxKrnl\uEmuKrnlXbox.pas"/>
			<DCCReference Include="..\..\src2\DxbxKrnl\uEmuKrnlXc.pas"/>
			<DCCReference Include="..\..\src2\DxbxKrnl\uEmuKrnlXe.pas"/>
			<DCCReference Include="..\..\src2\DxbxKrnl\uEmuLDT.pas"/>
			<DCCReference Include="..\..\src2\DxbxKrnl\uEmuXapi.pas"/>
			<DCCReference Include="..\..\src2\DxbxKrnl\uEmuXG.pas"/>
			<DCCReference Include="..\..\src2\DxbxKrnl\uEmuXOnline.pas"/>
			<DCCReference Include="..\..\src2\DxbxKrnl\uEmuXTL.pas"/>
			<DCCReference Include="..\..\src2\DxbxKrnl\uHLEIntercept.pas"/>
			<DCCReference Include="..\..\src2\DxbxKrnl\DxLibraryAPIScanning.pas"/>
			<DCCReference Include="..\..\src2\DxbxKrnl\uDxbxDebugUtils.pas"/>
			<DCCReference Include="..\..\src2\DxbxKrnl\uDxbxKrnl.pas"/>
			<DCCReference Include="..\..\src2\DxbxKrnl\uDxbxKrnlUtils.pas"/>
			<DCCReference Include="..\..\src2\DxbxKrnl\uEmu.pas"/>
			<DCCReference Include="..\..\src2\DxbxKrnl\EmuD3D8\uState.pas"/>
			<DCCReference Include="..\..\src2\DxbxKrnl\EmuD3D8\uVertexBuffer.pas"/>
			<DCCReference Include="..\..\src2\DxbxKrnl\EmuD3D8\uVertexShader.pas"/>
			<DCCReference Include="..\..\src2\DxbxKrnl\EmuD3D8\uConvert.pas"/>
			<DCCReference Include="..\..\src2\DxbxKrnl\EmuD3D8\uPushBuffer.pas"/>
			<DCCReference Include="..\..\src2\uDxbxUtils.pas"/>
			<DCCReference Include="..\..\src2\uEmuExe.pas"/>
			<DCCReference Include="..\..\src2\DxbxKrnl\uResourceTracker.pas"/>
			<DCCReference Include="..\..\src2\DxbxKrnl\uEmuD3D8Utils.pas"/>
			<DCCReference Include="..\..\src2\DxbxKrnl\EmuD3D8\uPixelShader.pas"/>
			<DCCReference Include="..\..\src2\uXDVDFS.pas"/>
			<DCCReference Include="..\..\src2\uFileSystem.pas"/>
			<DCCReference Include="..\..\src2\DxbxKrnl\uEmuXactEng.pas"/>
			<DCCReference Include="..\..\src2\uXbSound.pas"/>
			<DCCReference Include="..\..\src2\DxbxKrnl\DbgConsole.pas"/>
			<DCCReference Include="..\..\src2\DxbxKrnl\EmuD3D8\uMiniport.pas"/>
			<DCCReference Include="..\..\src2\DxbxKrnl\EmuD3D8\uNV2A.pas"/>
			<BuildConfiguration Include="Base">
				<Key>Base</Key>
			</BuildConfiguration>
			<BuildConfiguration Include="Debug">
				<Key>Cfg_2</Key>
				<CfgParent>Base</CfgParent>
			</BuildConfiguration>
			<BuildConfiguration Include="Release">
				<Key>Cfg_1</Key>
				<CfgParent>Base</CfgParent>
			</BuildConfiguration>
		</ItemGroup>
		<Import Project="$(BDS)\Bin\CodeGear.Delphi.Targets" Condition="Exists('$(BDS)\Bin\CodeGear.Delphi.Targets')"/>
	</Project>
