<?xml version="1.0"?>
<CONFIG>
  <ProjectOptions>
    <Version Value="9"/>
    <PathDelim Value="\"/>
    <General>
      <MainUnit Value="0"/>
      <ResourceType Value="res"/>
      <UseXPManifest Value="True"/>
      <Icon Value="0"/>
      <ActiveWindowIndexAtStart Value="0"/>
    </General>
    <i18n>
      <EnableI18N LFM="False"/>
    </i18n>
    <VersionInfo>
      <StringTable ProductVersion=""/>
    </VersionInfo>
    <BuildModes Count="1" Active="Default">
      <Item1 Name="Default" Default="True"/>
    </BuildModes>
    <PublishOptions>
      <Version Value="2"/>
      <IncludeFileFilter Value="*.(pas|pp|inc|lfm|lpr|lrs|lpi|lpk|sh|xml)"/>
      <ExcludeFileFilter Value="*.(bak|ppu|o|so);*~;backup"/>
    </PublishOptions>
    <RunParams>
      <local>
        <FormatVersion Value="1"/>
      </local>
    </RunParams>
    <RequiredPackages Count="1">
      <Item1>
        <PackageName Value="LCL"/>
      </Item1>
    </RequiredPackages>
    <Units Count="8">
      <Unit0>
        <Filename Value="Dxbx.lpr"/>
        <IsPartOfProject Value="True"/>
        <UnitName Value="Dxbx"/>
        <UsageCount Value="31"/>
      </Unit0>
      <Unit1>
        <Filename Value="..\..\Source\Lazarus\Src\mainfrm.pas"/>
        <IsPartOfProject Value="True"/>
        <ComponentName Value="Main"/>
        <ResourceBaseClass Value="Form"/>
        <UnitName Value="MainFrm"/>
        <EditorIndex Value="0"/>
        <WindowIndex Value="0"/>
        <TopLine Value="1"/>
        <CursorPos X="1" Y="12"/>
        <UsageCount Value="31"/>
        <Loaded Value="True"/>
      </Unit1>
      <Unit2>
        <Filename Value="..\..\Source\Lazarus\Src\uDxbxUtils.pas"/>
        <IsPartOfProject Value="True"/>
        <UnitName Value="uDxbxUtils"/>
        <EditorIndex Value="2"/>
        <WindowIndex Value="0"/>
        <TopLine Value="183"/>
        <CursorPos X="3" Y="202"/>
        <UsageCount Value="29"/>
        <Loaded Value="True"/>
      </Unit2>
      <Unit3>
        <Filename Value="..\..\Source\Lazarus\Src\aboutfrm.pas"/>
        <IsPartOfProject Value="True"/>
        <ComponentName Value="AboutFrm"/>
        <ResourceBaseClass Value="Form"/>
        <UnitName Value="aboutfrm"/>
        <EditorIndex Value="1"/>
        <WindowIndex Value="0"/>
        <TopLine Value="1"/>
        <CursorPos X="12" Y="15"/>
        <UsageCount Value="27"/>
        <Loaded Value="True"/>
      </Unit3>
      <Unit4>
        <Filename Value="..\..\Libraries\Pascal\Jcl\windows\JclWin32.pas"/>
        <UnitName Value="JclWin32"/>
        <EditorIndex Value="3"/>
        <WindowIndex Value="0"/>
        <TopLine Value="8851"/>
        <CursorPos X="1" Y="8872"/>
        <UsageCount Value="13"/>
        <Loaded Value="True"/>
      </Unit4>
      <Unit5>
        <Filename Value="..\..\Libraries\Pascal\Jcl\include\jcl.inc"/>
        <EditorIndex Value="6"/>
        <WindowIndex Value="0"/>
        <TopLine Value="22"/>
        <CursorPos X="2" Y="41"/>
        <UsageCount Value="13"/>
        <Loaded Value="True"/>
      </Unit5>
      <Unit6>
        <Filename Value="..\..\Libraries\Pascal\Jcl\Commen\JclSysUtils.pas"/>
        <UnitName Value="JclSysUtils"/>
        <IsVisibleTab Value="True"/>
        <EditorIndex Value="4"/>
        <WindowIndex Value="0"/>
        <TopLine Value="2471"/>
        <CursorPos X="70" Y="2779"/>
        <UsageCount Value="11"/>
        <Loaded Value="True"/>
      </Unit6>
      <Unit7>
        <Filename Value="C:\lazarus\fpc\2.4.2\source\rtl\win32\windows.pp"/>
        <UnitName Value="windows"/>
        <EditorIndex Value="5"/>
        <WindowIndex Value="0"/>
        <TopLine Value="1"/>
        <CursorPos X="1" Y="1"/>
        <UsageCount Value="10"/>
        <Loaded Value="True"/>
      </Unit7>
    </Units>
    <JumpHistory Count="30" HistoryIndex="29">
      <Position1>
        <Filename Value="..\..\Source\Lazarus\Src\uDxbxUtils.pas"/>
        <Caret Line="1" Column="1" TopLine="1"/>
      </Position1>
      <Position2>
        <Filename Value="..\..\Libraries\Pascal\Jcl\windows\JclWin32.pas"/>
        <Caret Line="1" Column="1" TopLine="1"/>
      </Position2>
      <Position3>
        <Filename Value="..\..\Libraries\Pascal\Jcl\windows\JclWin32.pas"/>
        <Caret Line="54" Column="2" TopLine="35"/>
      </Position3>
      <Position4>
        <Filename Value="..\..\Source\Lazarus\Src\mainfrm.pas"/>
        <Caret Line="12" Column="1" TopLine="1"/>
      </Position4>
      <Position5>
        <Filename Value="..\..\Libraries\Pascal\Jcl\windows\JclWin32.pas"/>
        <Caret Line="54" Column="2" TopLine="35"/>
      </Position5>
      <Position6>
        <Filename Value="..\..\Libraries\Pascal\Jcl\include\jcl.inc"/>
        <Caret Line="1" Column="1" TopLine="1"/>
      </Position6>
      <Position7>
        <Filename Value="..\..\Libraries\Pascal\Jcl\include\jcl.inc"/>
        <Caret Line="138" Column="23" TopLine="120"/>
      </Position7>
      <Position8>
        <Filename Value="..\..\Libraries\Pascal\Jcl\include\jcl.inc"/>
        <Caret Line="139" Column="8" TopLine="120"/>
      </Position8>
      <Position9>
        <Filename Value="..\..\Libraries\Pascal\Jcl\include\jcl.inc"/>
        <Caret Line="41" Column="2" TopLine="22"/>
      </Position9>
      <Position10>
        <Filename Value="..\..\Libraries\Pascal\Jcl\windows\JclWin32.pas"/>
        <Caret Line="63" Column="46" TopLine="35"/>
      </Position10>
      <Position11>
        <Filename Value="..\..\Libraries\Pascal\Jcl\windows\JclWin32.pas"/>
        <Caret Line="7245" Column="49" TopLine="7226"/>
      </Position11>
      <Position12>
        <Filename Value="..\..\Libraries\Pascal\Jcl\windows\JclWin32.pas"/>
        <Caret Line="7238" Column="2" TopLine="7052"/>
      </Position12>
      <Position13>
        <Filename Value="..\..\Libraries\Pascal\Jcl\windows\JclWin32.pas"/>
        <Caret Line="1" Column="1" TopLine="1"/>
      </Position13>
      <Position14>
        <Filename Value="..\..\Libraries\Pascal\Jcl\windows\JclWin32.pas"/>
        <Caret Line="70" Column="51" TopLine="50"/>
      </Position14>
      <Position15>
        <Filename Value="..\..\Libraries\Pascal\Jcl\windows\JclWin32.pas"/>
        <Caret Line="7247" Column="42" TopLine="6523"/>
      </Position15>
      <Position16>
        <Filename Value="..\..\Libraries\Pascal\Jcl\windows\JclWin32.pas"/>
        <Caret Line="1" Column="1" TopLine="1"/>
      </Position16>
      <Position17>
        <Filename Value="..\..\Libraries\Pascal\Jcl\windows\JclWin32.pas"/>
        <Caret Line="68" Column="1" TopLine="38"/>
      </Position17>
      <Position18>
        <Filename Value="..\..\Libraries\Pascal\Jcl\windows\JclWin32.pas"/>
        <Caret Line="7246" Column="26" TopLine="7226"/>
      </Position18>
      <Position19>
        <Filename Value="..\..\Libraries\Pascal\Jcl\windows\JclWin32.pas"/>
        <Caret Line="7247" Column="31" TopLine="7226"/>
      </Position19>
      <Position20>
        <Filename Value="..\..\Libraries\Pascal\Jcl\windows\JclWin32.pas"/>
        <Caret Line="8865" Column="1" TopLine="8835"/>
      </Position20>
      <Position21>
        <Filename Value="..\..\Libraries\Pascal\Jcl\windows\JclWin32.pas"/>
        <Caret Line="1" Column="1" TopLine="1"/>
      </Position21>
      <Position22>
        <Filename Value="..\..\Libraries\Pascal\Jcl\windows\JclWin32.pas"/>
        <Caret Line="7249" Column="1" TopLine="7215"/>
      </Position22>
      <Position23>
        <Filename Value="..\..\Libraries\Pascal\Jcl\Commen\JclSysUtils.pas"/>
        <Caret Line="1" Column="1" TopLine="1"/>
      </Position23>
      <Position24>
        <Filename Value="..\..\Libraries\Pascal\Jcl\Commen\JclSysUtils.pas"/>
        <Caret Line="2789" Column="16" TopLine="2774"/>
      </Position24>
      <Position25>
        <Filename Value="..\..\Libraries\Pascal\Jcl\Commen\JclSysUtils.pas"/>
        <Caret Line="2771" Column="1" TopLine="2769"/>
      </Position25>
      <Position26>
        <Filename Value="..\..\Libraries\Pascal\Jcl\Commen\JclSysUtils.pas"/>
        <Caret Line="2775" Column="11" TopLine="2756"/>
      </Position26>
      <Position27>
        <Filename Value="..\..\Libraries\Pascal\Jcl\Commen\JclSysUtils.pas"/>
        <Caret Line="67" Column="1" TopLine="55"/>
      </Position27>
      <Position28>
        <Filename Value="..\..\Libraries\Pascal\Jcl\Commen\JclSysUtils.pas"/>
        <Caret Line="2773" Column="3" TopLine="2754"/>
      </Position28>
      <Position29>
        <Filename Value="..\..\Libraries\Pascal\Jcl\Commen\JclSysUtils.pas"/>
        <Caret Line="67" Column="5" TopLine="61"/>
      </Position29>
      <Position30>
        <Filename Value="..\..\Libraries\Pascal\Jcl\Commen\JclSysUtils.pas"/>
        <Caret Line="2775" Column="11" TopLine="2756"/>
      </Position30>
    </JumpHistory>
  </ProjectOptions>
  <CompilerOptions>
    <Version Value="9"/>
    <PathDelim Value="\"/>
    <Target>
      <Filename Value="Dxbx"/>
    </Target>
    <SearchPaths>
      <IncludeFiles Value="$(ProjOutDir);..\..\Libraries\Pascal\Jcl\include"/>
      <Libraries Value="..\..\Libraries\Pascal\Jcl\include"/>
      <OtherUnitFiles Value="..\..\Source\Lazarus\Src;..\..\Libraries\Pascal\Jcl\windows;..\..\Libraries\Pascal\Jcl\include;..\..\Libraries\Pascal\Jcl\Commen;..\..\Libraries\Pascal\Jcl"/>
      <UnitOutputDirectory Value="lib\$(TargetCPU)-$(TargetOS)"/>
    </SearchPaths>
    <Linking>
      <Options>
        <Win32>
          <GraphicApplication Value="True"/>
        </Win32>
      </Options>
    </Linking>
    <Other>
      <CompilerMessages>
        <UseMsgFile Value="True"/>
      </CompilerMessages>
      <CompilerPath Value="$(CompPath)"/>
    </Other>
  </CompilerOptions>
  <Debugging>
    <Exceptions Count="3">
      <Item1>
        <Name Value="EAbort"/>
      </Item1>
      <Item2>
        <Name Value="ECodetoolError"/>
      </Item2>
      <Item3>
        <Name Value="EFOpenError"/>
      </Item3>
    </Exceptions>
  </Debugging>
</CONFIG>
