<?xml version="1.0"?>
<CONFIG>
  <ProjectOptions>
    <Version Value="9"/>
    <PathDelim Value="\"/>
    <General>
      <MainUnit Value="0"/>
      <ResourceType Value="res"/>
      <UseXPManifest Value="True"/>
      <Icon Value="0"/>
      <ActiveWindowIndexAtStart Value="0"/>
    </General>
    <i18n>
      <EnableI18N LFM="False"/>
    </i18n>
    <VersionInfo>
      <StringTable ProductVersion=""/>
    </VersionInfo>
    <BuildModes Count="1" Active="Default">
      <Item1 Name="Default" Default="True"/>
    </BuildModes>
    <PublishOptions>
      <Version Value="2"/>
      <IncludeFileFilter Value="*.(pas|pp|inc|lfm|lpr|lrs|lpi|lpk|sh|xml)"/>
      <ExcludeFileFilter Value="*.(bak|ppu|o|so);*~;backup"/>
    </PublishOptions>
    <RunParams>
      <local>
        <FormatVersion Value="1"/>
      </local>
    </RunParams>
    <RequiredPackages Count="1">
      <Item1>
        <PackageName Value="LCL"/>
      </Item1>
    </RequiredPackages>
    <Units Count="4">
      <Unit0>
        <Filename Value="Dxbx.lpr"/>
        <IsPartOfProject Value="True"/>
        <UnitName Value="Dxbx"/>
        <UsageCount Value="25"/>
      </Unit0>
      <Unit1>
        <Filename Value="..\..\Source\Lazarus\Src\mainfrm.pas"/>
        <IsPartOfProject Value="True"/>
        <ComponentName Value="Main"/>
        <ResourceBaseClass Value="Form"/>
        <UnitName Value="MainFrm"/>
        <EditorIndex Value="0"/>
        <WindowIndex Value="0"/>
        <TopLine Value="1"/>
        <CursorPos X="27" Y="84"/>
        <UsageCount Value="25"/>
        <Loaded Value="True"/>
        <LoadedDesigner Value="True"/>
      </Unit1>
      <Unit2>
        <Filename Value="..\..\Source\Lazarus\Src\uDxbxUtils.pas"/>
        <IsPartOfProject Value="True"/>
        <UnitName Value="uDxbxUtils"/>
        <IsVisibleTab Value="True"/>
        <EditorIndex Value="2"/>
        <WindowIndex Value="0"/>
        <TopLine Value="1"/>
        <CursorPos X="22" Y="20"/>
        <UsageCount Value="23"/>
        <Loaded Value="True"/>
      </Unit2>
      <Unit3>
        <Filename Value="..\..\Source\Lazarus\Src\aboutfrm.pas"/>
        <IsPartOfProject Value="True"/>
        <ComponentName Value="AboutFrm"/>
        <ResourceBaseClass Value="Form"/>
        <UnitName Value="aboutfrm"/>
        <EditorIndex Value="1"/>
        <WindowIndex Value="0"/>
        <TopLine Value="1"/>
        <CursorPos X="23" Y="31"/>
        <UsageCount Value="21"/>
        <Loaded Value="True"/>
        <LoadedDesigner Value="True"/>
      </Unit3>
    </Units>
    <JumpHistory Count="30" HistoryIndex="29">
      <Position1>
        <Filename Value="..\..\Source\Lazarus\Src\mainfrm.pas"/>
        <Caret Line="31" Column="1" TopLine="1"/>
      </Position1>
      <Position2>
        <Filename Value="..\..\Source\Lazarus\Src\mainfrm.pas"/>
        <Caret Line="32" Column="1" TopLine="1"/>
      </Position2>
      <Position3>
        <Filename Value="..\..\Source\Lazarus\Src\mainfrm.pas"/>
        <Caret Line="31" Column="1" TopLine="1"/>
      </Position3>
      <Position4>
        <Filename Value="..\..\Source\Lazarus\Src\mainfrm.pas"/>
        <Caret Line="30" Column="1" TopLine="1"/>
      </Position4>
      <Position5>
        <Filename Value="..\..\Source\Lazarus\Src\mainfrm.pas"/>
        <Caret Line="29" Column="1" TopLine="1"/>
      </Position5>
      <Position6>
        <Filename Value="..\..\Source\Lazarus\Src\mainfrm.pas"/>
        <Caret Line="28" Column="1" TopLine="1"/>
      </Position6>
      <Position7>
        <Filename Value="..\..\Source\Lazarus\Src\mainfrm.pas"/>
        <Caret Line="27" Column="1" TopLine="1"/>
      </Position7>
      <Position8>
        <Filename Value="..\..\Source\Lazarus\Src\mainfrm.pas"/>
        <Caret Line="26" Column="1" TopLine="1"/>
      </Position8>
      <Position9>
        <Filename Value="..\..\Source\Lazarus\Src\mainfrm.pas"/>
        <Caret Line="25" Column="1" TopLine="1"/>
      </Position9>
      <Position10>
        <Filename Value="..\..\Source\Lazarus\Src\mainfrm.pas"/>
        <Caret Line="24" Column="1" TopLine="1"/>
      </Position10>
      <Position11>
        <Filename Value="..\..\Source\Lazarus\Src\mainfrm.pas"/>
        <Caret Line="25" Column="1" TopLine="1"/>
      </Position11>
      <Position12>
        <Filename Value="..\..\Source\Lazarus\Src\mainfrm.pas"/>
        <Caret Line="26" Column="1" TopLine="1"/>
      </Position12>
      <Position13>
        <Filename Value="..\..\Source\Lazarus\Src\mainfrm.pas"/>
        <Caret Line="6" Column="24" TopLine="1"/>
      </Position13>
      <Position14>
        <Filename Value="..\..\Source\Lazarus\Src\mainfrm.pas"/>
        <Caret Line="18" Column="16" TopLine="1"/>
      </Position14>
      <Position15>
        <Filename Value="..\..\Source\Lazarus\Src\mainfrm.pas"/>
        <Caret Line="20" Column="16" TopLine="1"/>
      </Position15>
      <Position16>
        <Filename Value="..\..\Source\Lazarus\Src\mainfrm.pas"/>
        <Caret Line="21" Column="16" TopLine="1"/>
      </Position16>
      <Position17>
        <Filename Value="..\..\Source\Lazarus\Src\mainfrm.pas"/>
        <Caret Line="5" Column="43" TopLine="1"/>
      </Position17>
      <Position18>
        <Filename Value="..\..\Source\Lazarus\Src\uDxbxUtils.pas"/>
        <Caret Line="1" Column="1" TopLine="1"/>
      </Position18>
      <Position19>
        <Filename Value="..\..\Source\Lazarus\Src\uDxbxUtils.pas"/>
        <Caret Line="20" Column="10" TopLine="1"/>
      </Position19>
      <Position20>
        <Filename Value="..\..\Source\Lazarus\Src\uDxbxUtils.pas"/>
        <Caret Line="1" Column="1" TopLine="1"/>
      </Position20>
      <Position21>
        <Filename Value="..\..\Source\Lazarus\Src\uDxbxUtils.pas"/>
        <Caret Line="38" Column="22" TopLine="1"/>
      </Position21>
      <Position22>
        <Filename Value="..\..\Source\Lazarus\Src\uDxbxUtils.pas"/>
        <Caret Line="34" Column="33" TopLine="1"/>
      </Position22>
      <Position23>
        <Filename Value="..\..\Source\Lazarus\Src\uDxbxUtils.pas"/>
        <Caret Line="1" Column="1" TopLine="1"/>
      </Position23>
      <Position24>
        <Filename Value="..\..\Source\Lazarus\Src\uDxbxUtils.pas"/>
        <Caret Line="37" Column="62" TopLine="1"/>
      </Position24>
      <Position25>
        <Filename Value="..\..\Source\Lazarus\Src\aboutfrm.pas"/>
        <Caret Line="9" Column="19" TopLine="1"/>
      </Position25>
      <Position26>
        <Filename Value="..\..\Source\Lazarus\Src\aboutfrm.pas"/>
        <Caret Line="10" Column="19" TopLine="1"/>
      </Position26>
      <Position27>
        <Filename Value="..\..\Source\Lazarus\Src\uDxbxUtils.pas"/>
        <Caret Line="18" Column="17" TopLine="152"/>
      </Position27>
      <Position28>
        <Filename Value="..\..\Source\Lazarus\Src\aboutfrm.pas"/>
        <Caret Line="18" Column="5" TopLine="1"/>
      </Position28>
      <Position29>
        <Filename Value="..\..\Source\Lazarus\Src\uDxbxUtils.pas"/>
        <Caret Line="1" Column="1" TopLine="1"/>
      </Position29>
      <Position30>
        <Filename Value="..\..\Source\Lazarus\Src\mainfrm.pas"/>
        <Caret Line="12" Column="3" TopLine="1"/>
      </Position30>
    </JumpHistory>
  </ProjectOptions>
  <CompilerOptions>
    <Version Value="9"/>
    <PathDelim Value="\"/>
    <Target>
      <Filename Value="Dxbx"/>
    </Target>
    <SearchPaths>
      <IncludeFiles Value="$(ProjOutDir)"/>
      <OtherUnitFiles Value="..\..\Source\Lazarus\Src"/>
      <UnitOutputDirectory Value="lib\$(TargetCPU)-$(TargetOS)"/>
    </SearchPaths>
    <Linking>
      <Options>
        <Win32>
          <GraphicApplication Value="True"/>
        </Win32>
      </Options>
    </Linking>
    <Other>
      <CompilerPath Value="$(CompPath)"/>
    </Other>
  </CompilerOptions>
  <Debugging>
    <Exceptions Count="3">
      <Item1>
        <Name Value="EAbort"/>
      </Item1>
      <Item2>
        <Name Value="ECodetoolError"/>
      </Item2>
      <Item3>
        <Name Value="EFOpenError"/>
      </Item3>
    </Exceptions>
  </Debugging>
</CONFIG>
