<?xml version="1.0" encoding="utf-8"?>
<Project xmlns="http://schemas.microsoft.com/developer/msbuild/2003">
  <PropertyGroup>
    <ProjectGuid>{0a3d9b6f-222e-4fbf-a078-17aaaae2b465}</ProjectGuid>
    <MainSource>Dxbx.dpr</MainSource>
    <Configuration Condition=" '$(Configuration)' == '' ">Debug</Configuration>
    <Platform Condition=" '$(Platform)' == '' ">AnyCPU</Platform>
    <DCC_DCCCompiler>DCC32</DCC_DCCCompiler>
    <DCC_DependencyCheckOutputName>..\..\bin\Dxbx.exe</DCC_DependencyCheckOutputName>
  </PropertyGroup>
  <PropertyGroup Condition=" '$(Configuration)|$(Platform)' == 'Release|AnyCPU' ">
    <Version>7.0</Version>
    <DCC_DebugInformation>False</DCC_DebugInformation>
    <DCC_LocalDebugSymbols>False</DCC_LocalDebugSymbols>
    <DCC_SymbolReferenceInfo>0</DCC_SymbolReferenceInfo>
    <DCC_Define>RELEASE</DCC_Define>
  </PropertyGroup>
  <PropertyGroup Condition=" '$(Configuration)|$(Platform)' == 'Debug|AnyCPU' ">
    <Version>7.0</Version>
    <DCC_Define>DEBUG</DCC_Define>
    <DCC_UnitSearchPath>..\..\src\Include;..\..\Libraries\Jcl\include;..\..\Libraries\jwapi\Win32API;..\..\Libraries\DirectX9</DCC_UnitSearchPath>
    <DCC_ResourcePath>..\..\src\Include;..\..\Libraries\Jcl\include;..\..\Libraries\jwapi\Win32API;..\..\Libraries\DirectX9</DCC_ResourcePath>
    <DCC_ObjPath>..\..\src\Include;..\..\Libraries\Jcl\include;..\..\Libraries\jwapi\Win32API;..\..\Libraries\DirectX9</DCC_ObjPath>
    <DCC_IncludePath>..\..\src\Include;..\..\Libraries\Jcl\include;..\..\Libraries\jwapi\Win32API;..\..\Libraries\DirectX9</DCC_IncludePath>
    <DCC_ExeOutput>..\..\bin</DCC_ExeOutput>
    <DCC_DcuOutput>..\..\dcu</DCC_DcuOutput>
    <DCC_ObjOutput>..\..\dcu</DCC_ObjOutput>
    <DCC_HppOutput>..\..\dcu</DCC_HppOutput>
  </PropertyGroup>
  <ProjectExtensions>
    <Borland.Personality>Delphi.Personality</Borland.Personality>
    <Borland.ProjectType>VCLApplication</Borland.ProjectType>
    <BorlandProject>
<BorlandProject> <Delphi.Personality>   <Parameters>
      <Parameters Name="UseLauncher">False</Parameters>
      <Parameters Name="LoadAllSymbols">True</Parameters>
      <Parameters Name="LoadUnspecifiedSymbols">False</Parameters>
    </Parameters>
    <VersionInfo>
      <VersionInfo Name="IncludeVerInfo">False</VersionInfo>
      <VersionInfo Name="AutoIncBuild">False</VersionInfo>
      <VersionInfo Name="MajorVer">1</VersionInfo>
      <VersionInfo Name="MinorVer">0</VersionInfo>
      <VersionInfo Name="Release">0</VersionInfo>
      <VersionInfo Name="Build">0</VersionInfo>
      <VersionInfo Name="Debug">False</VersionInfo>
      <VersionInfo Name="PreRelease">False</VersionInfo>
      <VersionInfo Name="Special">False</VersionInfo>
      <VersionInfo Name="Private">False</VersionInfo>
      <VersionInfo Name="DLL">False</VersionInfo>
      <VersionInfo Name="Locale">1043</VersionInfo>
      <VersionInfo Name="CodePage">1252</VersionInfo>
    </VersionInfo>
    <VersionInfoKeys>
      <VersionInfoKeys Name="CompanyName"></VersionInfoKeys>
      <VersionInfoKeys Name="FileDescription"></VersionInfoKeys>
      <VersionInfoKeys Name="FileVersion">1.0.0.0</VersionInfoKeys>
      <VersionInfoKeys Name="InternalName"></VersionInfoKeys>
      <VersionInfoKeys Name="LegalCopyright"></VersionInfoKeys>
      <VersionInfoKeys Name="LegalTrademarks"></VersionInfoKeys>
      <VersionInfoKeys Name="OriginalFilename"></VersionInfoKeys>
      <VersionInfoKeys Name="ProductName"></VersionInfoKeys>
      <VersionInfoKeys Name="ProductVersion">1.0.0.0</VersionInfoKeys>
      <VersionInfoKeys Name="Comments"></VersionInfoKeys>
    </VersionInfoKeys>
    <Source>
      <Source Name="MainSource">Dxbx.dpr</Source>
    </Source>
    <Excluded_Packages>
      
      
      
      
      
      
      
      
      
      
      
      
      
      
      <Excluded_Packages Name="$(BDS)\bin\dcloffice2k100.bpl">Microsoft Office 2000 Sample Automation Server Wrapper Components</Excluded_Packages>
      <Excluded_Packages Name="$(BDS)\bin\dclofficexp100.bpl">Microsoft Office XP Sample Automation Server Wrapper Components</Excluded_Packages>
    </Excluded_Packages>
  </Delphi.Personality> </BorlandProject></BorlandProject>
  </ProjectExtensions>
  <Import Project="$(MSBuildBinPath)\Borland.Delphi.Targets" />
  <ItemGroup>
    <DelphiCompile Include="Dxbx.dpr">
      <MainSource>MainSource</MainSource>
    </DelphiCompile>
    <DCCReference Include="..\..\Libraries\OpenXDK\include\xboxkrnl\XboxKrnl.pas" />
    <DCCReference Include="..\..\src\uConsoleClass.pas" />
    <DCCReference Include="..\..\src\uConsts.pas" />
    <DCCReference Include="..\..\src\uDxbxUtils.pas" />
    <DCCReference Include="..\..\src\uDxbxXml.pas" />
    <DCCReference Include="..\..\src\uEmuExe.pas" />
    <DCCReference Include="..\..\src\uEmuShared.pas" />
    <DCCReference Include="..\..\src\uError.pas" />
    <DCCReference Include="..\..\src\uExe.pas" />
    <DCCReference Include="..\..\src\ufrm_About.pas" />
    <DCCReference Include="..\..\src\ufrm_ControllerConfig.pas" />
    <DCCReference Include="..\..\src\ufrm_Main.pas" />
    <DCCReference Include="..\..\src\ufrm_VideoConfig.pas" />
    <DCCReference Include="..\..\src\uLog.pas" />
    <DCCReference Include="..\..\src\uMutex.pas" />
    <DCCReference Include="..\..\src\uProlog.pas" />
    <DCCReference Include="..\..\src\uTime.pas" />
    <DCCReference Include="..\..\src\uTypes.pas" />
    <DCCReference Include="..\..\src\uWindows.pas" />
    <DCCReference Include="..\..\src\uXBController.pas" />
    <DCCReference Include="..\..\src\uXbe.pas" />
    <DCCReference Include="..\..\src\uXbeConvert.pas" />
    <DCCReference Include="..\..\src\uXbVideo.pas" />
  </ItemGroup>
</Project>