<?xml version="1.0" encoding="utf-8"?>
<Project xmlns="http://schemas.microsoft.com/developer/msbuild/2003">
  <PropertyGroup>
    <ProjectGuid>{378c4121-879a-4790-90ee-e47ed7dd702f}</ProjectGuid>
    <Configuration Condition=" '$(Configuration)' == '' ">Debug</Configuration>
    <Platform Condition=" '$(Platform)' == '' ">AnyCPU</Platform>
    <DCC_DCCCompiler>DCC32</DCC_DCCCompiler>
    <DCC_DependencyCheckOutputName>..\bin\DxbxDLL.dll</DCC_DependencyCheckOutputName>
    <MainSource>DxbxDLL.dpr</MainSource>
  </PropertyGroup>
  <PropertyGroup Condition=" '$(Configuration)|$(Platform)' == 'Release|AnyCPU' ">
    <Version>7.0</Version>
    <DCC_DebugInformation>False</DCC_DebugInformation>
    <DCC_LocalDebugSymbols>False</DCC_LocalDebugSymbols>
    <DCC_SymbolReferenceInfo>0</DCC_SymbolReferenceInfo>
    <DCC_Define>RELEASE</DCC_Define>
    <DCC_ExeOutput>..\bin</DCC_ExeOutput>
    <DCC_DcuOutput>..\dcu</DCC_DcuOutput>
    <DCC_ObjOutput>..\dcu</DCC_ObjOutput>
    <DCC_HppOutput>..\dcu</DCC_HppOutput>
  </PropertyGroup>
  <PropertyGroup Condition=" '$(Configuration)|$(Platform)' == 'Debug|AnyCPU' ">
    <Version>7.0</Version>
    <DCC_Define>DEBUG;_DEBUG_TRACE</DCC_Define>
    <DCC_ExeOutput>..\bin</DCC_ExeOutput>
    <DCC_IntegerOverflowCheck>True</DCC_IntegerOverflowCheck>
    <DCC_RangeChecking>True</DCC_RangeChecking>
    <DCC_UnitSearchPath>$(DXBXLIB)\DirectX9;$(DXBXLIB)\Jcl;$(DXBXLIB)\Jcl\common;$(DXBXLIB)\Jcl\windows;$(DXBXLIB)\jwapi\Win32API</DCC_UnitSearchPath>
    <DCC_ResourcePath>$(DXBXLIB)\DirectX9;$(DXBXLIB)\Jcl;$(DXBXLIB)\Jcl\common;$(DXBXLIB)\Jcl\windows;$(DXBXLIB)\jwapi\Win32API</DCC_ResourcePath>
    <DCC_ObjPath>$(DXBXLIB)\DirectX9;$(DXBXLIB)\Jcl;$(DXBXLIB)\Jcl\common;$(DXBXLIB)\Jcl\windows;$(DXBXLIB)\jwapi\Win32API</DCC_ObjPath>
    <DCC_IncludePath>$(DXBXLIB)\DirectX9;$(DXBXLIB)\Jcl;$(DXBXLIB)\Jcl\common;$(DXBXLIB)\Jcl\windows;$(DXBXLIB)\jwapi\Win32API</DCC_IncludePath>
    <DCC_RemoteDebug>True</DCC_RemoteDebug>
  </PropertyGroup>
  <ProjectExtensions>
    <Borland.Personality>Delphi.Personality</Borland.Personality>
    <Borland.ProjectType />
    <BorlandProject>
<BorlandProject><Delphi.Personality><Parameters><Parameters Name="UseLauncher">False</Parameters><Parameters Name="LoadAllSymbols">True</Parameters><Parameters Name="LoadUnspecifiedSymbols">False</Parameters><Parameters Name="HostApplication">D:\!Patrick_Sofware\XBox\Games\XBox Turok NTSC\default.exe</Parameters><Parameters Name="DebugCWD">D:\!Patrick_Sofware\XBox\Games\XBox Turok NTSC</Parameters><Parameters Name="DebugSourceDirs">D:\Workspaces\SVN\dxbx\src;D:\Workspaces\SVN\dxbx\src\DxbxKrnl;D:\Workspaces\SVN\dxbx\Libraries\jwapi\Common;D:\Workspaces\SVN\dxbx\Libraries\jwapi\Win32API;D:\Workspaces\SVN\dxbx\Libraries\OpenXDK\include\xboxkrnl</Parameters></Parameters><VersionInfo><VersionInfo Name="IncludeVerInfo">False</VersionInfo><VersionInfo Name="AutoIncBuild">False</VersionInfo><VersionInfo Name="MajorVer">1</VersionInfo><VersionInfo Name="MinorVer">0</VersionInfo><VersionInfo Name="Release">0</VersionInfo><VersionInfo Name="Build">0</VersionInfo><VersionInfo Name="Debug">False</VersionInfo><VersionInfo Name="PreRelease">False</VersionInfo><VersionInfo Name="Special">False</VersionInfo><VersionInfo Name="Private">False</VersionInfo><VersionInfo Name="DLL">False</VersionInfo><VersionInfo Name="Locale">1033</VersionInfo><VersionInfo Name="CodePage">1252</VersionInfo></VersionInfo><VersionInfoKeys><VersionInfoKeys Name="CompanyName"></VersionInfoKeys><VersionInfoKeys Name="FileDescription"></VersionInfoKeys><VersionInfoKeys Name="FileVersion">1.0.0.0</VersionInfoKeys><VersionInfoKeys Name="InternalName"></VersionInfoKeys><VersionInfoKeys Name="LegalCopyright"></VersionInfoKeys><VersionInfoKeys Name="LegalTrademarks"></VersionInfoKeys><VersionInfoKeys Name="OriginalFilename"></VersionInfoKeys><VersionInfoKeys Name="ProductName"></VersionInfoKeys><VersionInfoKeys Name="ProductVersion">1.0.0.0</VersionInfoKeys><VersionInfoKeys Name="Comments"></VersionInfoKeys></VersionInfoKeys><Source><Source Name="MainSource">DxbxDLL.dpr</Source></Source><Excluded_Packages>
      
      
      <Excluded_Packages Name="$(BDS)\bin\dcloffice2k100.bpl">Microsoft Office 2000 Sample Automation Server Wrapper Components</Excluded_Packages>
      <Excluded_Packages Name="$(BDS)\bin\dclofficexp100.bpl">Microsoft Office XP Sample Automation Server Wrapper Components</Excluded_Packages>
    </Excluded_Packages></Delphi.Personality></BorlandProject></BorlandProject>
  </ProjectExtensions>
  <Import Project="$(MSBuildBinPath)\Borland.Delphi.Targets" />
  <ItemGroup>
    <DelphiCompile Include="DxbxDLL.dpr">
      <MainSource>MainSource</MainSource>
    </DelphiCompile>
    <DCCReference Include="..\Libraries\OpenXDK\include\xboxkrnl\XboxKrnl.pas" />
    <DCCReference Include="DxbxKrnl\DxLibraryAPIScanning.pas" />
    <DCCReference Include="DxbxKrnl\EmuD3D8\uConvert.pas" />
    <DCCReference Include="DxbxKrnl\EmuD3D8\uPushBuffer.pas" />
    <DCCReference Include="DxbxKrnl\EmuD3D8\uState.pas" />
    <DCCReference Include="DxbxKrnl\EmuD3D8\uVertexBuffer.pas" />
    <DCCReference Include="DxbxKrnl\EmuD3D8\uVertexShader.pas" />
    <DCCReference Include="DxbxKrnl\uDxbxDebugUtils.pas" />
    <DCCReference Include="DxbxKrnl\uDxbxKrnl.pas" />
    <DCCReference Include="DxbxKrnl\uDxbxKrnlUtils.pas" />
    <DCCReference Include="DxbxKrnl\uEmu.pas" />
    <DCCReference Include="DxbxKrnl\uEmuAlloc.pas" />
    <DCCReference Include="DxbxKrnl\uEmuD3D8.pas" />
    <DCCReference Include="DxbxKrnl\uEmuD3D8Types.pas" />
    <DCCReference Include="DxbxKrnl\uEmuDInput.pas" />
    <DCCReference Include="DxbxKrnl\uEmuDSound.pas" />
    <DCCReference Include="DxbxKrnl\uEmuFile.pas" />
    <DCCReference Include="DxbxKrnl\uEmuFS.pas" />
    <DCCReference Include="DxbxKrnl\uEmuKrnl.pas" />
    <DCCReference Include="DxbxKrnl\uEmuKrnlAv.pas" />
    <DCCReference Include="DxbxKrnl\uEmuKrnlDbg.pas" />
    <DCCReference Include="DxbxKrnl\uEmuKrnlEx.pas" />
    <DCCReference Include="DxbxKrnl\uEmuKrnlFs.pas" />
    <DCCReference Include="DxbxKrnl\uEmuKrnlHal.pas" />
    <DCCReference Include="DxbxKrnl\uEmuKrnlIo.pas" />
    <DCCReference Include="DxbxKrnl\uEmuKrnlKd.pas" />
    <DCCReference Include="DxbxKrnl\uEmuKrnlKe.pas" />
    <DCCReference Include="DxbxKrnl\uEmuKrnlMm.pas" />
    <DCCReference Include="DxbxKrnl\uEmuKrnlNt.pas" />
    <DCCReference Include="DxbxKrnl\uEmuKrnlOb.pas" />
    <DCCReference Include="DxbxKrnl\uEmuKrnlPs.pas" />
    <DCCReference Include="DxbxKrnl\uEmuKrnlRtl.pas" />
    <DCCReference Include="DxbxKrnl\uEmuKrnlXbox.pas" />
    <DCCReference Include="DxbxKrnl\uEmuKrnlXc.pas" />
    <DCCReference Include="DxbxKrnl\uEmuKrnlXe.pas" />
    <DCCReference Include="DxbxKrnl\uEmuLDT.pas" />
    <DCCReference Include="DxbxKrnl\uEmuXapi.pas" />
    <DCCReference Include="DxbxKrnl\uEmuXG.pas" />
    <DCCReference Include="DxbxKrnl\uEmuXOnline.pas" />
    <DCCReference Include="DxbxKrnl\uEmuXTL.pas" />
    <DCCReference Include="DxbxKrnl\uHLEDatabase.pas" />
    <DCCReference Include="DxbxKrnl\uHLEIntercept.pas" />
    <DCCReference Include="DxbxKrnl\uXboxLibraryPatches.pas" />
    <DCCReference Include="Tools\PatternCodeGenerator\uPatterns.pas" />
    <DCCReference Include="uBitUtils.pas" />
    <DCCReference Include="uConsoleClass.pas" />
    <DCCReference Include="uConsts.pas" />
    <DCCReference Include="uCRC16.pas" />
    <DCCReference Include="uEmuShared.pas" />
    <DCCReference Include="uError.pas" />
    <DCCReference Include="uKernelThunk.pas" />
    <DCCReference Include="uLog.pas" />
    <DCCReference Include="uMutex.pas" />
    <DCCReference Include="uPatternScanner.pas" />
    <DCCReference Include="uTime.pas" />
    <DCCReference Include="uTypes.pas" />
    <DCCReference Include="uXBController.pas" />
    <DCCReference Include="uXbe.pas" />
    <DCCReference Include="uXboxLibraryUtils.pas" />
    <DCCReference Include="uXbVideo.pas" />
  </ItemGroup>
</Project>