<Project xmlns="http://schemas.microsoft.com/developer/msbuild/2003">
  <PropertyGroup>
    <ProjectGuid>{1b926cb1-0ee4-4b67-8ce8-38b48a87e9fc}</ProjectGuid>
    <MainSource>XIso.dpr</MainSource>
    <Configuration Condition=" '$(Configuration)' == '' ">Debug</Configuration>
    <Platform Condition=" '$(Platform)' == '' ">AnyCPU</Platform>
    <DCC_DCCCompiler>DCC32</DCC_DCCCompiler>
    <DCC_DependencyCheckOutputName>..\..\Bin\XIso.exe</DCC_DependencyCheckOutputName>
  </PropertyGroup>
  <PropertyGroup Condition=" '$(Configuration)|$(Platform)' == 'Release|AnyCPU' ">
    <Version>7.0</Version>
    <DCC_DebugInformation>False</DCC_DebugInformation>
    <DCC_LocalDebugSymbols>False</DCC_LocalDebugSymbols>
    <DCC_SymbolReferenceInfo>0</DCC_SymbolReferenceInfo>
    <DCC_Define>RELEASE</DCC_Define>
  </PropertyGroup>
  <PropertyGroup Condition=" '$(Configuration)|$(Platform)' == 'Debug|AnyCPU' ">
    <Version>7.0</Version>
    <DCC_Define>DEBUG</DCC_Define>
    <DCC_UnitSearchPath>..\..\Libraries\jwapi\Common;..\..\Libraries\jwapi\Win32API</DCC_UnitSearchPath>
    <DCC_ResourcePath>..\..\Libraries\jwapi\Common;..\..\Libraries\jwapi\Win32API</DCC_ResourcePath>
    <DCC_ObjPath>..\..\Libraries\jwapi\Common;..\..\Libraries\jwapi\Win32API</DCC_ObjPath>
    <DCC_IncludePath>..\..\Libraries\jwapi\Common;..\..\Libraries\jwapi\Win32API</DCC_IncludePath>
    <DCC_ExeOutput>..\..\Bin\</DCC_ExeOutput>
    <DCC_DcuOutput>..\..\dcu\</DCC_DcuOutput>
    <DCC_ObjOutput>..\..\dcu\</DCC_ObjOutput>
    <DCC_HppOutput>..\..\dcu\</DCC_HppOutput>
  </PropertyGroup>
  <ProjectExtensions>
    <Borland.Personality>Delphi.Personality</Borland.Personality>
    <Borland.ProjectType>VCLApplication</Borland.ProjectType>
    <BorlandProject>
<BorlandProject><Delphi.Personality><Parameters><Parameters Name="UseLauncher">False</Parameters><Parameters Name="LoadAllSymbols">True</Parameters><Parameters Name="LoadUnspecifiedSymbols">False</Parameters></Parameters><VersionInfo><VersionInfo Name="IncludeVerInfo">True</VersionInfo><VersionInfo Name="AutoIncBuild">False</VersionInfo><VersionInfo Name="MajorVer">1</VersionInfo><VersionInfo Name="MinorVer">1</VersionInfo><VersionInfo Name="Release">5</VersionInfo><VersionInfo Name="Build">0</VersionInfo><VersionInfo Name="Debug">False</VersionInfo><VersionInfo Name="PreRelease">False</VersionInfo><VersionInfo Name="Special">False</VersionInfo><VersionInfo Name="Private">False</VersionInfo><VersionInfo Name="DLL">False</VersionInfo><VersionInfo Name="Locale">3082</VersionInfo><VersionInfo Name="CodePage">1252</VersionInfo></VersionInfo><VersionInfoKeys><VersionInfoKeys Name="CompanyName">Yursoft</VersionInfoKeys><VersionInfoKeys Name="FileDescription">Lectura/escritura de imagenes y DVD de XBOX.</VersionInfoKeys><VersionInfoKeys Name="FileVersion">1.1.5.0</VersionInfoKeys><VersionInfoKeys Name="InternalName"></VersionInfoKeys><VersionInfoKeys Name="LegalCopyright"></VersionInfoKeys><VersionInfoKeys Name="LegalTrademarks"></VersionInfoKeys><VersionInfoKeys Name="OriginalFilename"></VersionInfoKeys><VersionInfoKeys Name="ProductName"></VersionInfoKeys><VersionInfoKeys Name="ProductVersion">1.1.5.0</VersionInfoKeys><VersionInfoKeys Name="Comments">GNU XBOX ISO CREATOR</VersionInfoKeys></VersionInfoKeys><Source><Source Name="MainSource">XIso.dpr</Source></Source></Delphi.Personality></BorlandProject></BorlandProject>
  </ProjectExtensions>
  <Import Project="$(MSBuildBinPath)\Borland.Delphi.Targets" />
  <ItemGroup>
    <DelphiCompile Include="XIso.dpr">
      <MainSource>MainSource</MainSource>
    </DelphiCompile>
    <DCCReference Include="..\..\src\Tools\XIso\src\" />
    <DCCReference Include="..\..\src\Tools\XIso\src\CDROM.pas" />
    <DCCReference Include="..\..\src\Tools\XIso\src\CreacionISO.pas" />
    <DCCReference Include="..\..\src\Tools\XIso\src\FormCreacionISO.pas">
      <Form>Form5</Form>
    </DCCReference>
    <DCCReference Include="..\..\src\Tools\XIso\src\GenerateXDFS.pas" />
    <DCCReference Include="..\..\src\Tools\XIso\src\Grabacion.pas">
      <Form>Form4</Form>
    </DCCReference>
    <DCCReference Include="..\..\src\Tools\XIso\src\ProgresoCreacionISO.pas" />
    <DCCReference Include="..\..\src\Tools\XIso\src\R" />
    <DCCReference Include="..\..\src\Tools\XIso\src\Re" />
    <DCCReference Include="..\..\src\Tools\XIso\src\Rei" />
    <DCCReference Include="..\..\src\Tools\XIso\src\Rein" />
    <DCCReference Include="..\..\src\Tools\XIso\src\Reini" />
    <DCCReference Include="..\..\src\Tools\XIso\src\Reinit" />
    <DCCReference Include="..\..\src\Tools\XIso\src\Reinit.p" />
    <DCCReference Include="..\..\src\Tools\XIso\src\Reinit.pa" />
    <DCCReference Include="..\..\src\Tools\XIso\src\Reinit.pas" />
    <DCCReference Include="..\..\src\Tools\XIso\src\TextConsts.pas" />
    <DCCReference Include="..\..\src\Tools\XIso\src\ufrmProgress.pas">
      <Form>frmProgress</Form>
    </DCCReference>
    <DCCReference Include="..\..\src\Tools\XIso\src\ufrm_Language.pas">
      <Form>frmLanguage</Form>
    </DCCReference>
    <DCCReference Include="..\..\src\Tools\XIso\src\ufrm_Main.pas">
      <Form>frm_Main</Form>
    </DCCReference>
    <DCCReference Include="..\..\src\Tools\XIso\src\uxiso.pas" />
    <DCCReference Include="..\..\src\Tools\XIso\src\uxisomaker.pas" />
    <DCCReference Include="..\..\src\Tools\XIso\src\Win32ASPI.pas" />
    <DCCReference Include="..\..\src\Tools\XIso\src\xbe.pas" />
    <DCCReference Include="..\..\src\Tools\XIso\src\xisomakerv2.pas" />
    <DCCReference Include="..\..\src\Tools\XIso\src\xisomakerv3.pas" />
  </ItemGroup>
</Project>